
Microsoft Visual Studio Solution File, Format Version 12.00
# Visual Studio Version 17
VisualStudioVersion = 17.7.34202.233
MinimumVisualStudioVersion = 10.0.40219.1
Project("{FAE04EC0-301F-11D3-BF4B-00C04F79EFBC}") = "Binding", "Binding\Binding.csproj", "{0D9636F1-B0E4-47EE-ACF2-DFA4F0192CE6}"
EndProject
Global
	GlobalSection(SolutionConfigurationPlatforms) = preSolution
		Debug|Any CPU = Debug|Any CPU
		Release|Any CPU = Release|Any CPU
	EndGlobalSection
	GlobalSection(ProjectConfigurationPlatforms) = postSolution
		{0D9636F1-B0E4-47EE-ACF2-DFA4F0192CE6}.Debug|Any CPU.ActiveCfg = Debug|Any CPU
		{0D9636F1-B0E4-47EE-ACF2-DFA4F0192CE6}.Debug|Any CPU.Build.0 = Debug|Any CPU
		{0D9636F1-B0E4-47EE-ACF2-DFA4F0192CE6}.Debug|Any CPU.Deploy.0 = Debug|Any CPU
		{0D9636F1-B0E4-47EE-ACF2-DFA4F0192CE6}.Release|Any CPU.ActiveCfg = Release|Any CPU
		{0D9636F1-B0E4-47EE-ACF2-DFA4F0192CE6}.Release|Any CPU.Build.0 = Release|Any CPU
		{0D9636F1-B0E4-47EE-ACF2-DFA4F0192CE6}.Release|Any CPU.Deploy.0 = Release|Any CPU
	EndGlobalSection
	GlobalSection(SolutionProperties) = preSolution
		HideSolutionNode = FALSE
	EndGlobalSection
	GlobalSection(ExtensibilityGlobals) = postSolution
		SolutionGuid = {97010EF0-3E29-47E5-A1C1-1E630B888F79}
	EndGlobalSection
EndGlobal
